// !$*UTF8*$!
{
	archiveVersion = 1;
	classes = {
	};
	objectVersion = 51;
	objects = {

/* Begin PBXBuildFile section */
		B75E841525DEDDC400B55648 /* AppDelegate.swift in Sources */ = {isa = PBXBuildFile; fileRef = B75E841425DEDDC400B55648 /* AppDelegate.swift */; };
		B75E841725DEDDC400B55648 /* SceneDelegate.swift in Sources */ = {isa = PBXBuildFile; fileRef = B75E841625DEDDC400B55648 /* SceneDelegate.swift */; };
		B75E841925DEDDC400B55648 /* ViewController.swift in Sources */ = {isa = PBXBuildFile; fileRef = B75E841825DEDDC400B55648 /* ViewController.swift */; };
		B75E841C25DEDDC500B55648 /* Main.storyboard in Resources */ = {isa = PBXBuildFile; fileRef = B75E841A25DEDDC500B55648 /* Main.storyboard */; };
		B75E841E25DEDE2000B55648 /* Assets.xcassets in Resources */ = {isa = PBXBuildFile; fileRef = B75E841D25DEDE2000B55648 /* Assets.xcassets */; };
		B75E842125DEDE2000B55648 /* LaunchScreen.storyboard in Resources */ = {isa = PBXBuildFile; fileRef = B75E841F25DEDE2000B55648 /* LaunchScreen.storyboard */; };
		B75E842A25DEEF2700B55648 /* LoginViewController.swift in Sources */ = {isa = PBXBuildFile; fileRef = B75E842925DEEF2700B55648 /* LoginViewController.swift */; };
		B7F7B10025E0E10F00984F38 /* String+Extenstion.swift in Sources */ = {isa = PBXBuildFile; fileRef = B7F7B0FF25E0E10F00984F38 /* String+Extenstion.swift */; };
		B7F7B10325E0E20B00984F38 /* UIAlertConttroler+Extension.swift in Sources */ = {isa = PBXBuildFile; fileRef = B7F7B10225E0E20B00984F38 /* UIAlertConttroler+Extension.swift */; };
		B7F7B10925E0EE5600984F38 /* SingnUpViewController.swift in Sources */ = {isa = PBXBuildFile; fileRef = B7F7B10825E0EE5500984F38 /* SingnUpViewController.swift */; };
		F4DD775313C53C182C941B0E /* Pods_MMVMExample.framework in Frameworks */ = {isa = PBXBuildFile; fileRef = 58B07859F4736D85995928B7 /* Pods_MMVMExample.framework */; };
/* End PBXBuildFile section */

/* Begin PBXFileReference section */
		58B07859F4736D85995928B7 /* Pods_MMVMExample.framework */ = {isa = PBXFileReference; explicitFileType = wrapper.framework; includeInIndex = 0; path = Pods_MMVMExample.framework; sourceTree = BUILT_PRODUCTS_DIR; };
		891BCBB60D8CB546A9881B4C /* Pods-MMVMExample.debug.xcconfig */ = {isa = PBXFileReference; includeInIndex = 1; lastKnownFileType = text.xcconfig; name = "Pods-MMVMExample.debug.xcconfig"; path = "Target Support Files/Pods-MMVMExample/Pods-MMVMExample.debug.xcconfig"; sourceTree = "<group>"; };
		8FD74E2A5B541E50390FDEF7 /* Pods-MMVMExample.release.xcconfig */ = {isa = PBXFileReference; includeInIndex = 1; lastKnownFileType = text.xcconfig; name = "Pods-MMVMExample.release.xcconfig"; path = "Target Support Files/Pods-MMVMExample/Pods-MMVMExample.release.xcconfig"; sourceTree = "<group>"; };
		B75E841125DEDDC200B55648 /* MMVMExample.app */ = {isa = PBXFileReference; explicitFileType = wrapper.application; includeInIndex = 0; path = MMVMExample.app; sourceTree = BUILT_PRODUCTS_DIR; };
		B75E841425DEDDC400B55648 /* AppDelegate.swift */ = {isa = PBXFileReference; lastKnownFileType = sourcecode.swift; path = AppDelegate.swift; sourceTree = "<group>"; };
		B75E841625DEDDC400B55648 /* SceneDelegate.swift */ = {isa = PBXFileReference; lastKnownFileType = sourcecode.swift; path = SceneDelegate.swift; sourceTree = "<group>"; };
		B75E841825DEDDC400B55648 /* ViewController.swift */ = {isa = PBXFileReference; lastKnownFileType = sourcecode.swift; path = ViewController.swift; sourceTree = "<group>"; };
		B75E841B25DEDDC500B55648 /* Base */ = {isa = PBXFileReference; lastKnownFileType = file.storyboard; name = Base; path = Base.lproj/Main.storyboard; sourceTree = "<group>"; };
		B75E841D25DEDE2000B55648 /* Assets.xcassets */ = {isa = PBXFileReference; lastKnownFileType = folder.assetcatalog; path = Assets.xcassets; sourceTree = "<group>"; };
		B75E842025DEDE2000B55648 /* Base */ = {isa = PBXFileReference; lastKnownFileType = file.storyboard; name = Base; path = Base.lproj/LaunchScreen.storyboard; sourceTree = "<group>"; };
		B75E842225DEDE2000B55648 /* Info.plist */ = {isa = PBXFileReference; lastKnownFileType = text.plist.xml; path = Info.plist; sourceTree = "<group>"; };
		B75E842925DEEF2700B55648 /* LoginViewController.swift */ = {isa = PBXFileReference; lastKnownFileType = sourcecode.swift; path = LoginViewController.swift; sourceTree = "<group>"; };
		B7F7B0FF25E0E10F00984F38 /* String+Extenstion.swift */ = {isa = PBXFileReference; lastKnownFileType = sourcecode.swift; path = "String+Extenstion.swift"; sourceTree = "<group>"; };
		B7F7B10225E0E20B00984F38 /* UIAlertConttroler+Extension.swift */ = {isa = PBXFileReference; lastKnownFileType = sourcecode.swift; path = "UIAlertConttroler+Extension.swift"; sourceTree = "<group>"; };
		B7F7B10825E0EE5500984F38 /* SingnUpViewController.swift */ = {isa = PBXFileReference; lastKnownFileType = sourcecode.swift; path = SingnUpViewController.swift; sourceTree = "<group>"; };
/* End PBXFileReference section */

/* Begin PBXFrameworksBuildPhase section */
		B75E840E25DEDDC000B55648 /* Frameworks */ = {
			isa = PBXFrameworksBuildPhase;
			buildActionMask = 2147483647;
			files = (
				F4DD775313C53C182C941B0E /* Pods_MMVMExample.framework in Frameworks */,
			);
			runOnlyForDeploymentPostprocessing = 0;
		};
/* End PBXFrameworksBuildPhase section */

/* Begin PBXGroup section */
		4D7DE3A0F4D7C68FD081FBAB /* Pods */ = {
			isa = PBXGroup;
			children = (
				891BCBB60D8CB546A9881B4C /* Pods-MMVMExample.debug.xcconfig */,
				8FD74E2A5B541E50390FDEF7 /* Pods-MMVMExample.release.xcconfig */,
			);
			path = Pods;
			sourceTree = "<group>";
		};
		B75E840825DEDDBD00B55648 = {
			isa = PBXGroup;
			children = (
				B75E841325DEDDC300B55648 /* MMVMExample */,
				B75E841225DEDDC200B55648 /* Products */,
				4D7DE3A0F4D7C68FD081FBAB /* Pods */,
				CC5EAE03D4CE6EAEB784C985 /* Frameworks */,
			);
			sourceTree = "<group>";
		};
		B75E841225DEDDC200B55648 /* Products */ = {
			isa = PBXGroup;
			children = (
				B75E841125DEDDC200B55648 /* MMVMExample.app */,
			);
			name = Products;
			sourceTree = "<group>";
		};
		B75E841325DEDDC300B55648 /* MMVMExample */ = {
			isa = PBXGroup;
			children = (
				B75E841425DEDDC400B55648 /* AppDelegate.swift */,
				B75E841625DEDDC400B55648 /* SceneDelegate.swift */,
				B75E841825DEDDC400B55648 /* ViewController.swift */,
				B7F7B0FF25E0E10F00984F38 /* String+Extenstion.swift */,
				B7F7B10225E0E20B00984F38 /* UIAlertConttroler+Extension.swift */,
				B75E842925DEEF2700B55648 /* LoginViewController.swift */,
				B7F7B10825E0EE5500984F38 /* SingnUpViewController.swift */,
				B75E841A25DEDDC500B55648 /* Main.storyboard */,
				B75E841D25DEDE2000B55648 /* Assets.xcassets */,
				B75E841F25DEDE2000B55648 /* LaunchScreen.storyboard */,
				B75E842225DEDE2000B55648 /* Info.plist */,
			);
			path = MMVMExample;
			sourceTree = "<group>";
		};
		CC5EAE03D4CE6EAEB784C985 /* Frameworks */ = {
			isa = PBXGroup;
			children = (
				58B07859F4736D85995928B7 /* Pods_MMVMExample.framework */,
			);
			name = Frameworks;
			sourceTree = "<group>";
		};
/* End PBXGroup section */

/* Begin PBXNativeTarget section */
		B75E841025DEDDC000B55648 /* MMVMExample */ = {
			isa = PBXNativeTarget;
			buildConfigurationList = B75E842525DEDE2000B55648 /* Build configuration list for PBXNativeTarget "MMVMExample" */;
			buildPhases = (
				233C5ED68EB3CEE1AF3B1475 /* [CP] Check Pods Manifest.lock */,
				B75E840D25DEDDC000B55648 /* Sources */,
				B75E840E25DEDDC000B55648 /* Frameworks */,
				B75E840F25DEDDC000B55648 /* Resources */,
				CFB9598AC0D566B4C1E15761 /* [CP] Embed Pods Frameworks */,
			);
			buildRules = (
			);
			dependencies = (
			);
			name = MMVMExample;
			productName = MMVMExample;
			productReference = B75E841125DEDDC200B55648 /* MMVMExample.app */;
			productType = "com.apple.product-type.application";
		};
/* End PBXNativeTarget section */

/* Begin PBXProject section */
		B75E840925DEDDBD00B55648 /* Project object */ = {
			isa = PBXProject;
			attributes = {
				LastSwiftUpdateCheck = 1240;
				LastUpgradeCheck = 1240;
				TargetAttributes = {
					B75E841025DEDDC000B55648 = {
						CreatedOnToolsVersion = 12.4;
					};
				};
			};
			buildConfigurationList = B75E840C25DEDDBD00B55648 /* Build configuration list for PBXProject "MMVMExample" */;
			compatibilityVersion = "Xcode 9.3";
			developmentRegion = en;
			hasScannedForEncodings = 0;
			knownRegions = (
				en,
				Base,
			);
			mainGroup = B75E840825DEDDBD00B55648;
			productRefGroup = B75E841225DEDDC200B55648 /* Products */;
			projectDirPath = "";
			projectRoot = "";
			targets = (
				B75E841025DEDDC000B55648 /* MMVMExample */,
			);
		};
/* End PBXProject section */

/* Begin PBXResourcesBuildPhase section */
		B75E840F25DEDDC000B55648 /* Resources */ = {
			isa = PBXResourcesBuildPhase;
			buildActionMask = 2147483647;
			files = (
				B75E842125DEDE2000B55648 /* LaunchScreen.storyboard in Resources */,
				B75E841E25DEDE2000B55648 /* Assets.xcassets in Resources */,
				B75E841C25DEDDC500B55648 /* Main.storyboard in Resources */,
			);
			runOnlyForDeploymentPostprocessing = 0;
		};
/* End PBXResourcesBuildPhase section */

/* Begin PBXShellScriptBuildPhase section */
		233C5ED68EB3CEE1AF3B1475 /* [CP] Check Pods Manifest.lock */ = {
			isa = PBXShellScriptBuildPhase;
			buildActionMask = 2147483647;
			files = (
			);
			inputFileListPaths = (
			);
			inputPaths = (
				"${PODS_PODFILE_DIR_PATH}/Podfile.lock",
				"${PODS_ROOT}/Manifest.lock",
			);
			name = "[CP] Check Pods Manifest.lock";
			outputFileListPaths = (
			);
			outputPaths = (
				"$(DERIVED_FILE_DIR)/Pods-MMVMExample-checkManifestLockResult.txt",
			);
			runOnlyForDeploymentPostprocessing = 0;
			shellPath = /bin/sh;
			shellScript = "diff \"${PODS_PODFILE_DIR_PATH}/Podfile.lock\" \"${PODS_ROOT}/Manifest.lock\" > /dev/null\nif [ $? != 0 ] ; then\n    # print error to STDERR\n    echo \"error: The sandbox is not in sync with the Podfile.lock. Run 'pod install' or update your CocoaPods installation.\" >&2\n    exit 1\nfi\n# This output is used by Xcode 'outputs' to avoid re-running this script phase.\necho \"SUCCESS\" > \"${SCRIPT_OUTPUT_FILE_0}\"\n";
			showEnvVarsInLog = 0;
		};
		CFB9598AC0D566B4C1E15761 /* [CP] Embed Pods Frameworks */ = {
			isa = PBXShellScriptBuildPhase;
			buildActionMask = 2147483647;
			files = (
			);
			inputFileListPaths = (
				"${PODS_ROOT}/Target Support Files/Pods-MMVMExample/Pods-MMVMExample-frameworks-${CONFIGURATION}-input-files.xcfilelist",
			);
			name = "[CP] Embed Pods Frameworks";
			outputFileListPaths = (
				"${PODS_ROOT}/Target Support Files/Pods-MMVMExample/Pods-MMVMExample-frameworks-${CONFIGURATION}-output-files.xcfilelist",
			);
			runOnlyForDeploymentPostprocessing = 0;
			shellPath = /bin/sh;
			shellScript = "\"${PODS_ROOT}/Target Support Files/Pods-MMVMExample/Pods-MMVMExample-frameworks.sh\"\n";
			showEnvVarsInLog = 0;
		};
/* End PBXShellScriptBuildPhase section */

/* Begin PBXSourcesBuildPhase section */
		B75E840D25DEDDC000B55648 /* Sources */ = {
			isa = PBXSourcesBuildPhase;
			buildActionMask = 2147483647;
			files = (
				B75E842A25DEEF2700B55648 /* LoginViewController.swift in Sources */,
				B75E841925DEDDC400B55648 /* ViewController.swift in Sources */,
				B75E841525DEDDC400B55648 /* AppDelegate.swift in Sources */,
				B7F7B10925E0EE5600984F38 /* SingnUpViewController.swift in Sources */,
				B7F7B10025E0E10F00984F38 /* String+Extenstion.swift in Sources */,
				B7F7B10325E0E20B00984F38 /* UIAlertConttroler+Extension.swift in Sources */,
				B75E841725DEDDC400B55648 /* SceneDelegate.swift in Sources */,
			);
			runOnlyForDeploymentPostprocessing = 0;
		};
/* End PBXSourcesBuildPhase section */

/* Begin PBXVariantGroup section */
		B75E841A25DEDDC500B55648 /* Main.storyboard */ = {
			isa = PBXVariantGroup;
			children = (
				B75E841B25DEDDC500B55648 /* Base */,
			);
			name = Main.storyboard;
			sourceTree = "<group>";
		};
		B75E841F25DEDE2000B55648 /* LaunchScreen.storyboard */ = {
			isa = PBXVariantGroup;
			children = (
				B75E842025DEDE2000B55648 /* Base */,
			);
			name = LaunchScreen.storyboard;
			sourceTree = "<group>";
		};
/* End PBXVariantGroup section */

/* Begin XCBuildConfiguration section */
		B75E842325DEDE2000B55648 /* Debug */ = {
			isa = XCBuildConfiguration;
			buildSettings = {
				ALWAYS_SEARCH_USER_PATHS = NO;
				CLANG_ANALYZER_NONNULL = YES;
				CLANG_ANALYZER_NUMBER_OBJECT_CONVERSION = YES_AGGRESSIVE;
				CLANG_CXX_LANGUAGE_STANDARD = "gnu++14";
				CLANG_CXX_LIBRARY = "libc++";
				CLANG_ENABLE_MODULES = YES;
				CLANG_ENABLE_OBJC_ARC = YES;
				CLANG_ENABLE_OBJC_WEAK = YES;
				CLANG_WARN_BLOCK_CAPTURE_AUTORELEASING = YES;
				CLANG_WARN_BOOL_CONVERSION = YES;
				CLANG_WARN_COMMA = YES;
				CLANG_WARN_CONSTANT_CONVERSION = YES;
				CLANG_WARN_DEPRECATED_OBJC_IMPLEMENTATIONS = YES;
				CLANG_WARN_DIRECT_OBJC_ISA_USAGE = YES_ERROR;
				CLANG_WARN_DOCUMENTATION_COMMENTS = YES;
				CLANG_WARN_EMPTY_BODY = YES;
				CLANG_WARN_ENUM_CONVERSION = YES;
				CLANG_WARN_INFINITE_RECURSION = YES;
				CLANG_WARN_INT_CONVERSION = YES;
				CLANG_WARN_NON_LITERAL_NULL_CONVERSION = YES;
				CLANG_WARN_OBJC_IMPLICIT_RETAIN_SELF = YES;
				CLANG_WARN_OBJC_LITERAL_CONVERSION = YES;
				CLANG_WARN_OBJC_ROOT_CLASS = YES_ERROR;
				CLANG_WARN_QUOTED_INCLUDE_IN_FRAMEWORK_HEADER = YES;
				CLANG_WARN_RANGE_LOOP_ANALYSIS = YES;
				CLANG_WARN_STRICT_PROTOTYPES = YES;
				CLANG_WARN_SUSPICIOUS_MOVE = YES;
				CLANG_WARN_UNGUARDED_AVAILABILITY = YES_AGGRESSIVE;
				CLANG_WARN_UNREACHABLE_CODE = YES;
				CLANG_WARN__DUPLICATE_METHOD_MATCH = YES;
				COPY_PHASE_STRIP = NO;
				DEBUG_INFORMATION_FORMAT = dwarf;
				ENABLE_STRICT_OBJC_MSGSEND = YES;
				ENABLE_TESTABILITY = YES;
				GCC_C_LANGUAGE_STANDARD = gnu11;
				GCC_DYNAMIC_NO_PIC = NO;
				GCC_NO_COMMON_BLOCKS = YES;
				GCC_OPTIMIZATION_LEVEL = 0;
				GCC_PREPROCESSOR_DEFINITIONS = (
					"DEBUG=1",
					"$(inherited)",
				);
				GCC_WARN_64_TO_32_BIT_CONVERSION = YES;
				GCC_WARN_ABOUT_RETURN_TYPE = YES_ERROR;
				GCC_WARN_UNDECLARED_SELECTOR = YES;
				GCC_WARN_UNINITIALIZED_AUTOS = YES_AGGRESSIVE;
				GCC_WARN_UNUSED_FUNCTION = YES;
				GCC_WARN_UNUSED_VARIABLE = YES;
				IPHONEOS_DEPLOYMENT_TARGET = 14.4;
				MTL_ENABLE_DEBUG_INFO = INCLUDE_SOURCE;
				MTL_FAST_MATH = YES;
				ONLY_ACTIVE_ARCH = YES;
				SDKROOT = iphoneos;
				SWIFT_ACTIVE_COMPILATION_CONDITIONS = DEBUG;
				SWIFT_OPTIMIZATION_LEVEL = "-Onone";
			};
			name = Debug;
		};
		B75E842425DEDE2000B55648 /* Release */ = {
			isa = XCBuildConfiguration;
			buildSettings = {
				ALWAYS_SEARCH_USER_PATHS = NO;
				CLANG_ANALYZER_NONNULL = YES;
				CLANG_ANALYZER_NUMBER_OBJECT_CONVERSION = YES_AGGRESSIVE;
				CLANG_CXX_LANGUAGE_STANDARD = "gnu++14";
				CLANG_CXX_LIBRARY = "libc++";
				CLANG_ENABLE_MODULES = YES;
				CLANG_ENABLE_OBJC_ARC = YES;
				CLANG_ENABLE_OBJC_WEAK = YES;
				CLANG_WARN_BLOCK_CAPTURE_AUTORELEASING = YES;
				CLANG_WARN_BOOL_CONVERSION = YES;
				CLANG_WARN_COMMA = YES;
				CLANG_WARN_CONSTANT_CONVERSION = YES;
				CLANG_WARN_DEPRECATED_OBJC_IMPLEMENTATIONS = YES;
				CLANG_WARN_DIRECT_OBJC_ISA_USAGE = YES_ERROR;
				CLANG_WARN_DOCUMENTATION_COMMENTS = YES;
				CLANG_WARN_EMPTY_BODY = YES;
				CLANG_WARN_ENUM_CONVERSION = YES;
				CLANG_WARN_INFINITE_RECURSION = YES;
				CLANG_WARN_INT_CONVERSION = YES;
				CLANG_WARN_NON_LITERAL_NULL_CONVERSION = YES;
				CLANG_WARN_OBJC_IMPLICIT_RETAIN_SELF = YES;
				CLANG_WARN_OBJC_LITERAL_CONVERSION = YES;
				CLANG_WARN_OBJC_ROOT_CLASS = YES_ERROR;
				CLANG_WARN_QUOTED_INCLUDE_IN_FRAMEWORK_HEADER = YES;
				CLANG_WARN_RANGE_LOOP_ANALYSIS = YES;
				CLANG_WARN_STRICT_PROTOTYPES = YES;
				CLANG_WARN_SUSPICIOUS_MOVE = YES;
				CLANG_WARN_UNGUARDED_AVAILABILITY = YES_AGGRESSIVE;
				CLANG_WARN_UNREACHABLE_CODE = YES;
				CLANG_WARN__DUPLICATE_METHOD_MATCH = YES;
				COPY_PHASE_STRIP = NO;
				DEBUG_INFORMATION_FORMAT = "dwarf-with-dsym";
				ENABLE_NS_ASSERTIONS = NO;
				ENABLE_STRICT_OBJC_MSGSEND = YES;
				GCC_C_LANGUAGE_STANDARD = gnu11;
				GCC_NO_COMMON_BLOCKS = YES;
				GCC_WARN_64_TO_32_BIT_CONVERSION = YES;
				GCC_WARN_ABOUT_RETURN_TYPE = YES_ERROR;
				GCC_WARN_UNDECLARED_SELECTOR = YES;
				GCC_WARN_UNINITIALIZED_AUTOS = YES_AGGRESSIVE;
				GCC_WARN_UNUSED_FUNCTION = YES;
				GCC_WARN_UNUSED_VARIABLE = YES;
				IPHONEOS_DEPLOYMENT_TARGET = 14.4;
				MTL_ENABLE_DEBUG_INFO = NO;
				MTL_FAST_MATH = YES;
				SDKROOT = iphoneos;
				SWIFT_COMPILATION_MODE = wholemodule;
				SWIFT_OPTIMIZATION_LEVEL = "-O";
				VALIDATE_PRODUCT = YES;
			};
			name = Release;
		};
		B75E842625DEDE2000B55648 /* Debug */ = {
			isa = XCBuildConfiguration;
			baseConfigurationReference = 891BCBB60D8CB546A9881B4C /* Pods-MMVMExample.debug.xcconfig */;
			buildSettings = {
				ASSETCATALOG_COMPILER_APPICON_NAME = AppIcon;
				ASSETCATALOG_COMPILER_GLOBAL_ACCENT_COLOR_NAME = AccentColor;
				CODE_SIGN_STYLE = Automatic;
				INFOPLIST_FILE = MMVMExample/Info.plist;
				LD_RUNPATH_SEARCH_PATHS = (
					"$(inherited)",
					"@executable_path/Frameworks",
				);
				PRODUCT_BUNDLE_IDENTIFIER = com.haque.itmap.MMVMExample;
				PRODUCT_NAME = "$(TARGET_NAME)";
				SWIFT_VERSION = 5.0;
				TARGETED_DEVICE_FAMILY = "1,2";
			};
			name = Debug;
		};
		B75E842725DEDE2000B55648 /* Release */ = {
			isa = XCBuildConfiguration;
			baseConfigurationReference = 8FD74E2A5B541E50390FDEF7 /* Pods-MMVMExample.release.xcconfig */;
			buildSettings = {
				ASSETCATALOG_COMPILER_APPICON_NAME = AppIcon;
				ASSETCATALOG_COMPILER_GLOBAL_ACCENT_COLOR_NAME = AccentColor;
				CODE_SIGN_STYLE = Automatic;
				INFOPLIST_FILE = MMVMExample/Info.plist;
				LD_RUNPATH_SEARCH_PATHS = (
					"$(inherited)",
					"@executable_path/Frameworks",
				);
				PRODUCT_BUNDLE_IDENTIFIER = com.haque.itmap.MMVMExample;
				PRODUCT_NAME = "$(TARGET_NAME)";
				SWIFT_VERSION = 5.0;
				TARGETED_DEVICE_FAMILY = "1,2";
			};
			name = Release;
		};
/* End XCBuildConfiguration section */

/* Begin XCConfigurationList section */
		B75E840C25DEDDBD00B55648 /* Build configuration list for PBXProject "MMVMExample" */ = {
			isa = XCConfigurationList;
			buildConfigurations = (
				B75E842325DEDE2000B55648 /* Debug */,
				B75E842425DEDE2000B55648 /* Release */,
			);
			defaultConfigurationIsVisible = 0;
			defaultConfigurationName = Release;
		};
		B75E842525DEDE2000B55648 /* Build configuration list for PBXNativeTarget "MMVMExample" */ = {
			isa = XCConfigurationList;
			buildConfigurations = (
				B75E842625DEDE2000B55648 /* Debug */,
				B75E842725DEDE2000B55648 /* Release */,
			);
			defaultConfigurationIsVisible = 0;
			defaultConfigurationName = Release;
		};
/* End XCConfigurationList section */
	};
	rootObject = B75E840925DEDDBD00B55648 /* Project object */;
}
